
Microsoft Visual Studio Solution File, Format Version 12.00
# Visual Studio Version 17
VisualStudioVersion = 17.0.31903.59
MinimumVisualStudioVersion = 10.0.40219.1
Project("{FAE04EC0-301F-11D3-BF4B-00C04F79EFBC}") = "Aplicacion", "Aplicacion\Aplicacion.csproj", "{DDD57678-64E0-472D-90FF-7C11B51A178E}"
EndProject
Project("{FAE04EC0-301F-11D3-BF4B-00C04F79EFBC}") = "Presentacion", "Presentacion\Presentacion.csproj", "{01997F95-6298-4AF4-9FFC-8D92AF9CA315}"
EndProject
Global
	GlobalSection(SolutionConfigurationPlatforms) = preSolution
		Debug|Any CPU = Debug|Any CPU
		Debug|x64 = Debug|x64
		Debug|x86 = Debug|x86
		Release|Any CPU = Release|Any CPU
		Release|x64 = Release|x64
		Release|x86 = Release|x86
	EndGlobalSection
	GlobalSection(ProjectConfigurationPlatforms) = postSolution
		{DDD57678-64E0-472D-90FF-7C11B51A178E}.Debug|Any CPU.ActiveCfg = Debug|Any CPU
		{DDD57678-64E0-472D-90FF-7C11B51A178E}.Debug|Any CPU.Build.0 = Debug|Any CPU
		{DDD57678-64E0-472D-90FF-7C11B51A178E}.Debug|x64.ActiveCfg = Debug|Any CPU
		{DDD57678-64E0-472D-90FF-7C11B51A178E}.Debug|x64.Build.0 = Debug|Any CPU
		{DDD57678-64E0-472D-90FF-7C11B51A178E}.Debug|x86.ActiveCfg = Debug|Any CPU
		{DDD57678-64E0-472D-90FF-7C11B51A178E}.Debug|x86.Build.0 = Debug|Any CPU
		{DDD57678-64E0-472D-90FF-7C11B51A178E}.Release|Any CPU.ActiveCfg = Release|Any CPU
		{DDD57678-64E0-472D-90FF-7C11B51A178E}.Release|Any CPU.Build.0 = Release|Any CPU
		{DDD57678-64E0-472D-90FF-7C11B51A178E}.Release|x64.ActiveCfg = Release|Any CPU
		{DDD57678-64E0-472D-90FF-7C11B51A178E}.Release|x64.Build.0 = Release|Any CPU
		{DDD57678-64E0-472D-90FF-7C11B51A178E}.Release|x86.ActiveCfg = Release|Any CPU
		{DDD57678-64E0-472D-90FF-7C11B51A178E}.Release|x86.Build.0 = Release|Any CPU
		{01997F95-6298-4AF4-9FFC-8D92AF9CA315}.Debug|Any CPU.ActiveCfg = Debug|Any CPU
		{01997F95-6298-4AF4-9FFC-8D92AF9CA315}.Debug|Any CPU.Build.0 = Debug|Any CPU
		{01997F95-6298-4AF4-9FFC-8D92AF9CA315}.Debug|x64.ActiveCfg = Debug|Any CPU
		{01997F95-6298-4AF4-9FFC-8D92AF9CA315}.Debug|x64.Build.0 = Debug|Any CPU
		{01997F95-6298-4AF4-9FFC-8D92AF9CA315}.Debug|x86.ActiveCfg = Debug|Any CPU
		{01997F95-6298-4AF4-9FFC-8D92AF9CA315}.Debug|x86.Build.0 = Debug|Any CPU
		{01997F95-6298-4AF4-9FFC-8D92AF9CA315}.Release|Any CPU.ActiveCfg = Release|Any CPU
		{01997F95-6298-4AF4-9FFC-8D92AF9CA315}.Release|Any CPU.Build.0 = Release|Any CPU
		{01997F95-6298-4AF4-9FFC-8D92AF9CA315}.Release|x64.ActiveCfg = Release|Any CPU
		{01997F95-6298-4AF4-9FFC-8D92AF9CA315}.Release|x64.Build.0 = Release|Any CPU
		{01997F95-6298-4AF4-9FFC-8D92AF9CA315}.Release|x86.ActiveCfg = Release|Any CPU
		{01997F95-6298-4AF4-9FFC-8D92AF9CA315}.Release|x86.Build.0 = Release|Any CPU
	EndGlobalSection
	GlobalSection(SolutionProperties) = preSolution
		HideSolutionNode = FALSE
	EndGlobalSection
EndGlobal
