Microsoft Visual Studio Solution File, Format Version 12.00
# Visual Studio Version 17
VisualStudioVersion = 17.5.2.0
MinimumVisualStudioVersion = 10.0.40219.1
Project("{FAE04EC0-301F-11D3-BF4B-00C04F79EFBC}") = "Ejemplo5_ClaseEstatica_Excepciones", "Ejemplo5_ClaseEstatica_Excepciones.csproj", "{5B686205-FB81-0377-0E64-B49A0CBC9E34}"
EndProject
Global
	GlobalSection(SolutionConfigurationPlatforms) = preSolution
		Debug|Any CPU = Debug|Any CPU
		Release|Any CPU = Release|Any CPU
	EndGlobalSection
	GlobalSection(ProjectConfigurationPlatforms) = postSolution
		{5B686205-FB81-0377-0E64-B49A0CBC9E34}.Debug|Any CPU.ActiveCfg = Debug|Any CPU
		{5B686205-FB81-0377-0E64-B49A0CBC9E34}.Debug|Any CPU.Build.0 = Debug|Any CPU
		{5B686205-FB81-0377-0E64-B49A0CBC9E34}.Release|Any CPU.ActiveCfg = Release|Any CPU
		{5B686205-FB81-0377-0E64-B49A0CBC9E34}.Release|Any CPU.Build.0 = Release|Any CPU
	EndGlobalSection
	GlobalSection(SolutionProperties) = preSolution
		HideSolutionNode = FALSE
	EndGlobalSection
	GlobalSection(ExtensibilityGlobals) = postSolution
		SolutionGuid = {081F3D64-4D91-481F-87B8-FA18933EEC00}
	EndGlobalSection
EndGlobal
